
Microsoft Visual Studio Solution File, Format Version 12.00
# Visual Studio 15
VisualStudioVersion = 15.0.26206.0
MinimumVisualStudioVersion = 10.0.40219.1
Project("{FAE04EC0-301F-11D3-BF4B-00C04F79EFBC}") = "Ranger.NetCore", "Ranger.NetCore\Ranger.NetCore.csproj", "{C70B372D-E182-4F8D-90F8-1BC22C171BD4}"
EndProject
Project("{FAE04EC0-301F-11D3-BF4B-00C04F79EFBC}") = "Ranger.NetCore.Jira", "Ranger.NetCore.Jira\Ranger.NetCore.Jira.csproj", "{672890D5-D770-4F43-98F4-F9FA48FC23D2}"
EndProject
Project("{FAE04EC0-301F-11D3-BF4B-00C04F79EFBC}") = "Ranger.NetCore.Github", "Ranger.NetCore.Github\Ranger.NetCore.Github.csproj", "{C48F41E4-EACB-463C-AD90-BEAD22D7DB82}"
EndProject
Project("{FAE04EC0-301F-11D3-BF4B-00C04F79EFBC}") = "Ranger.NetCore.RazorHtml", "Ranger.NetCore.RazorHtml\Ranger.NetCore.RazorHtml.csproj", "{A84C9E17-72DA-43B6-8727-EF67ED951812}"
EndProject
Project("{FAE04EC0-301F-11D3-BF4B-00C04F79EFBC}") = "Ranger.NetCore.Smtp", "Ranger.NetCore.Smtp\Ranger.NetCore.Smtp.csproj", "{65B5CC4A-55A6-48A2-9677-336D5E8D34AA}"
EndProject
Project("{FAE04EC0-301F-11D3-BF4B-00C04F79EFBC}") = "Ranger.NetCore.Tests", "Ranger.NetCore.Tests\Ranger.NetCore.Tests.csproj", "{1A9B0541-DFAC-4979-9EF7-7BF00A22225A}"
EndProject
Project("{FAE04EC0-301F-11D3-BF4B-00C04F79EFBC}") = "Ranger.NetCore.Console", "Ranger.NetCore.Console\Ranger.NetCore.Console.csproj", "{94827DC0-0666-4F83-B5C3-9447241DC9CA}"
EndProject
Project("{FAE04EC0-301F-11D3-BF4B-00C04F79EFBC}") = "Ranger.NetCore.Stubs", "Ranger.NetCore.Stubs\Ranger.NetCore.Stubs.csproj", "{A43EE290-31C1-4FD4-9193-CE1DB99B1631}"
EndProject
Project("{FAE04EC0-301F-11D3-BF4B-00C04F79EFBC}") = "Ranger.NetCore.Plugins", "Ranger.NetCore.Plugins\Ranger.NetCore.Plugins.csproj", "{0FA33A1F-0F02-4C20-BB84-008192AB48B2}"
EndProject
Global
	GlobalSection(SolutionConfigurationPlatforms) = preSolution
		Debug|Any CPU = Debug|Any CPU
		Debug|x64 = Debug|x64
		Debug|x86 = Debug|x86
		Release|Any CPU = Release|Any CPU
		Release|x64 = Release|x64
		Release|x86 = Release|x86
	EndGlobalSection
	GlobalSection(ProjectConfigurationPlatforms) = postSolution
		{C70B372D-E182-4F8D-90F8-1BC22C171BD4}.Debug|Any CPU.ActiveCfg = Debug|Any CPU
		{C70B372D-E182-4F8D-90F8-1BC22C171BD4}.Debug|Any CPU.Build.0 = Debug|Any CPU
		{C70B372D-E182-4F8D-90F8-1BC22C171BD4}.Debug|x64.ActiveCfg = Debug|x64
		{C70B372D-E182-4F8D-90F8-1BC22C171BD4}.Debug|x64.Build.0 = Debug|x64
		{C70B372D-E182-4F8D-90F8-1BC22C171BD4}.Debug|x86.ActiveCfg = Debug|x86
		{C70B372D-E182-4F8D-90F8-1BC22C171BD4}.Debug|x86.Build.0 = Debug|x86
		{C70B372D-E182-4F8D-90F8-1BC22C171BD4}.Release|Any CPU.ActiveCfg = Release|Any CPU
		{C70B372D-E182-4F8D-90F8-1BC22C171BD4}.Release|Any CPU.Build.0 = Release|Any CPU
		{C70B372D-E182-4F8D-90F8-1BC22C171BD4}.Release|x64.ActiveCfg = Release|x64
		{C70B372D-E182-4F8D-90F8-1BC22C171BD4}.Release|x64.Build.0 = Release|x64
		{C70B372D-E182-4F8D-90F8-1BC22C171BD4}.Release|x86.ActiveCfg = Release|x86
		{C70B372D-E182-4F8D-90F8-1BC22C171BD4}.Release|x86.Build.0 = Release|x86
		{672890D5-D770-4F43-98F4-F9FA48FC23D2}.Debug|Any CPU.ActiveCfg = Debug|Any CPU
		{672890D5-D770-4F43-98F4-F9FA48FC23D2}.Debug|Any CPU.Build.0 = Debug|Any CPU
		{672890D5-D770-4F43-98F4-F9FA48FC23D2}.Debug|x64.ActiveCfg = Debug|x64
		{672890D5-D770-4F43-98F4-F9FA48FC23D2}.Debug|x64.Build.0 = Debug|x64
		{672890D5-D770-4F43-98F4-F9FA48FC23D2}.Debug|x86.ActiveCfg = Debug|x86
		{672890D5-D770-4F43-98F4-F9FA48FC23D2}.Debug|x86.Build.0 = Debug|x86
		{672890D5-D770-4F43-98F4-F9FA48FC23D2}.Release|Any CPU.ActiveCfg = Release|Any CPU
		{672890D5-D770-4F43-98F4-F9FA48FC23D2}.Release|Any CPU.Build.0 = Release|Any CPU
		{672890D5-D770-4F43-98F4-F9FA48FC23D2}.Release|x64.ActiveCfg = Release|x64
		{672890D5-D770-4F43-98F4-F9FA48FC23D2}.Release|x64.Build.0 = Release|x64
		{672890D5-D770-4F43-98F4-F9FA48FC23D2}.Release|x86.ActiveCfg = Release|x86
		{672890D5-D770-4F43-98F4-F9FA48FC23D2}.Release|x86.Build.0 = Release|x86
		{C48F41E4-EACB-463C-AD90-BEAD22D7DB82}.Debug|Any CPU.ActiveCfg = Debug|Any CPU
		{C48F41E4-EACB-463C-AD90-BEAD22D7DB82}.Debug|Any CPU.Build.0 = Debug|Any CPU
		{C48F41E4-EACB-463C-AD90-BEAD22D7DB82}.Debug|x64.ActiveCfg = Debug|x64
		{C48F41E4-EACB-463C-AD90-BEAD22D7DB82}.Debug|x64.Build.0 = Debug|x64
		{C48F41E4-EACB-463C-AD90-BEAD22D7DB82}.Debug|x86.ActiveCfg = Debug|x86
		{C48F41E4-EACB-463C-AD90-BEAD22D7DB82}.Debug|x86.Build.0 = Debug|x86
		{C48F41E4-EACB-463C-AD90-BEAD22D7DB82}.Release|Any CPU.ActiveCfg = Release|Any CPU
		{C48F41E4-EACB-463C-AD90-BEAD22D7DB82}.Release|Any CPU.Build.0 = Release|Any CPU
		{C48F41E4-EACB-463C-AD90-BEAD22D7DB82}.Release|x64.ActiveCfg = Release|x64
		{C48F41E4-EACB-463C-AD90-BEAD22D7DB82}.Release|x64.Build.0 = Release|x64
		{C48F41E4-EACB-463C-AD90-BEAD22D7DB82}.Release|x86.ActiveCfg = Release|x86
		{C48F41E4-EACB-463C-AD90-BEAD22D7DB82}.Release|x86.Build.0 = Release|x86
		{A84C9E17-72DA-43B6-8727-EF67ED951812}.Debug|Any CPU.ActiveCfg = Debug|Any CPU
		{A84C9E17-72DA-43B6-8727-EF67ED951812}.Debug|Any CPU.Build.0 = Debug|Any CPU
		{A84C9E17-72DA-43B6-8727-EF67ED951812}.Debug|x64.ActiveCfg = Debug|x64
		{A84C9E17-72DA-43B6-8727-EF67ED951812}.Debug|x64.Build.0 = Debug|x64
		{A84C9E17-72DA-43B6-8727-EF67ED951812}.Debug|x86.ActiveCfg = Debug|x86
		{A84C9E17-72DA-43B6-8727-EF67ED951812}.Debug|x86.Build.0 = Debug|x86
		{A84C9E17-72DA-43B6-8727-EF67ED951812}.Release|Any CPU.ActiveCfg = Release|Any CPU
		{A84C9E17-72DA-43B6-8727-EF67ED951812}.Release|Any CPU.Build.0 = Release|Any CPU
		{A84C9E17-72DA-43B6-8727-EF67ED951812}.Release|x64.ActiveCfg = Release|x64
		{A84C9E17-72DA-43B6-8727-EF67ED951812}.Release|x64.Build.0 = Release|x64
		{A84C9E17-72DA-43B6-8727-EF67ED951812}.Release|x86.ActiveCfg = Release|x86
		{A84C9E17-72DA-43B6-8727-EF67ED951812}.Release|x86.Build.0 = Release|x86
		{65B5CC4A-55A6-48A2-9677-336D5E8D34AA}.Debug|Any CPU.ActiveCfg = Debug|Any CPU
		{65B5CC4A-55A6-48A2-9677-336D5E8D34AA}.Debug|Any CPU.Build.0 = Debug|Any CPU
		{65B5CC4A-55A6-48A2-9677-336D5E8D34AA}.Debug|x64.ActiveCfg = Debug|x64
		{65B5CC4A-55A6-48A2-9677-336D5E8D34AA}.Debug|x64.Build.0 = Debug|x64
		{65B5CC4A-55A6-48A2-9677-336D5E8D34AA}.Debug|x86.ActiveCfg = Debug|x86
		{65B5CC4A-55A6-48A2-9677-336D5E8D34AA}.Debug|x86.Build.0 = Debug|x86
		{65B5CC4A-55A6-48A2-9677-336D5E8D34AA}.Release|Any CPU.ActiveCfg = Release|Any CPU
		{65B5CC4A-55A6-48A2-9677-336D5E8D34AA}.Release|Any CPU.Build.0 = Release|Any CPU
		{65B5CC4A-55A6-48A2-9677-336D5E8D34AA}.Release|x64.ActiveCfg = Release|x64
		{65B5CC4A-55A6-48A2-9677-336D5E8D34AA}.Release|x64.Build.0 = Release|x64
		{65B5CC4A-55A6-48A2-9677-336D5E8D34AA}.Release|x86.ActiveCfg = Release|x86
		{65B5CC4A-55A6-48A2-9677-336D5E8D34AA}.Release|x86.Build.0 = Release|x86
		{1A9B0541-DFAC-4979-9EF7-7BF00A22225A}.Debug|Any CPU.ActiveCfg = Debug|Any CPU
		{1A9B0541-DFAC-4979-9EF7-7BF00A22225A}.Debug|Any CPU.Build.0 = Debug|Any CPU
		{1A9B0541-DFAC-4979-9EF7-7BF00A22225A}.Debug|x64.ActiveCfg = Debug|x64
		{1A9B0541-DFAC-4979-9EF7-7BF00A22225A}.Debug|x64.Build.0 = Debug|x64
		{1A9B0541-DFAC-4979-9EF7-7BF00A22225A}.Debug|x86.ActiveCfg = Debug|x86
		{1A9B0541-DFAC-4979-9EF7-7BF00A22225A}.Debug|x86.Build.0 = Debug|x86
		{1A9B0541-DFAC-4979-9EF7-7BF00A22225A}.Release|Any CPU.ActiveCfg = Release|Any CPU
		{1A9B0541-DFAC-4979-9EF7-7BF00A22225A}.Release|Any CPU.Build.0 = Release|Any CPU
		{1A9B0541-DFAC-4979-9EF7-7BF00A22225A}.Release|x64.ActiveCfg = Release|x64
		{1A9B0541-DFAC-4979-9EF7-7BF00A22225A}.Release|x64.Build.0 = Release|x64
		{1A9B0541-DFAC-4979-9EF7-7BF00A22225A}.Release|x86.ActiveCfg = Release|x86
		{1A9B0541-DFAC-4979-9EF7-7BF00A22225A}.Release|x86.Build.0 = Release|x86
		{94827DC0-0666-4F83-B5C3-9447241DC9CA}.Debug|Any CPU.ActiveCfg = Debug|Any CPU
		{94827DC0-0666-4F83-B5C3-9447241DC9CA}.Debug|Any CPU.Build.0 = Debug|Any CPU
		{94827DC0-0666-4F83-B5C3-9447241DC9CA}.Debug|x64.ActiveCfg = Debug|x64
		{94827DC0-0666-4F83-B5C3-9447241DC9CA}.Debug|x64.Build.0 = Debug|x64
		{94827DC0-0666-4F83-B5C3-9447241DC9CA}.Debug|x86.ActiveCfg = Debug|x86
		{94827DC0-0666-4F83-B5C3-9447241DC9CA}.Debug|x86.Build.0 = Debug|x86
		{94827DC0-0666-4F83-B5C3-9447241DC9CA}.Release|Any CPU.ActiveCfg = Release|Any CPU
		{94827DC0-0666-4F83-B5C3-9447241DC9CA}.Release|Any CPU.Build.0 = Release|Any CPU
		{94827DC0-0666-4F83-B5C3-9447241DC9CA}.Release|x64.ActiveCfg = Release|x64
		{94827DC0-0666-4F83-B5C3-9447241DC9CA}.Release|x64.Build.0 = Release|x64
		{94827DC0-0666-4F83-B5C3-9447241DC9CA}.Release|x86.ActiveCfg = Release|x86
		{94827DC0-0666-4F83-B5C3-9447241DC9CA}.Release|x86.Build.0 = Release|x86
		{A43EE290-31C1-4FD4-9193-CE1DB99B1631}.Debug|Any CPU.ActiveCfg = Debug|Any CPU
		{A43EE290-31C1-4FD4-9193-CE1DB99B1631}.Debug|Any CPU.Build.0 = Debug|Any CPU
		{A43EE290-31C1-4FD4-9193-CE1DB99B1631}.Debug|x64.ActiveCfg = Debug|x64
		{A43EE290-31C1-4FD4-9193-CE1DB99B1631}.Debug|x64.Build.0 = Debug|x64
		{A43EE290-31C1-4FD4-9193-CE1DB99B1631}.Debug|x86.ActiveCfg = Debug|x86
		{A43EE290-31C1-4FD4-9193-CE1DB99B1631}.Debug|x86.Build.0 = Debug|x86
		{A43EE290-31C1-4FD4-9193-CE1DB99B1631}.Release|Any CPU.ActiveCfg = Release|Any CPU
		{A43EE290-31C1-4FD4-9193-CE1DB99B1631}.Release|Any CPU.Build.0 = Release|Any CPU
		{A43EE290-31C1-4FD4-9193-CE1DB99B1631}.Release|x64.ActiveCfg = Release|x64
		{A43EE290-31C1-4FD4-9193-CE1DB99B1631}.Release|x64.Build.0 = Release|x64
		{A43EE290-31C1-4FD4-9193-CE1DB99B1631}.Release|x86.ActiveCfg = Release|x86
		{A43EE290-31C1-4FD4-9193-CE1DB99B1631}.Release|x86.Build.0 = Release|x86
		{0FA33A1F-0F02-4C20-BB84-008192AB48B2}.Debug|Any CPU.ActiveCfg = Debug|Any CPU
		{0FA33A1F-0F02-4C20-BB84-008192AB48B2}.Debug|Any CPU.Build.0 = Debug|Any CPU
		{0FA33A1F-0F02-4C20-BB84-008192AB48B2}.Debug|x64.ActiveCfg = Debug|x64
		{0FA33A1F-0F02-4C20-BB84-008192AB48B2}.Debug|x64.Build.0 = Debug|x64
		{0FA33A1F-0F02-4C20-BB84-008192AB48B2}.Debug|x86.ActiveCfg = Debug|x86
		{0FA33A1F-0F02-4C20-BB84-008192AB48B2}.Debug|x86.Build.0 = Debug|x86
		{0FA33A1F-0F02-4C20-BB84-008192AB48B2}.Release|Any CPU.ActiveCfg = Release|Any CPU
		{0FA33A1F-0F02-4C20-BB84-008192AB48B2}.Release|Any CPU.Build.0 = Release|Any CPU
		{0FA33A1F-0F02-4C20-BB84-008192AB48B2}.Release|x64.ActiveCfg = Release|x64
		{0FA33A1F-0F02-4C20-BB84-008192AB48B2}.Release|x64.Build.0 = Release|x64
		{0FA33A1F-0F02-4C20-BB84-008192AB48B2}.Release|x86.ActiveCfg = Release|x86
		{0FA33A1F-0F02-4C20-BB84-008192AB48B2}.Release|x86.Build.0 = Release|x86
	EndGlobalSection
	GlobalSection(SolutionProperties) = preSolution
		HideSolutionNode = FALSE
	EndGlobalSection
EndGlobal
