
Microsoft Visual Studio Solution File, Format Version 12.00
# Visual Studio 14
VisualStudioVersion = 14.0.24720.0
MinimumVisualStudioVersion = 10.0.40219.1
Project("{FAE04EC0-301F-11D3-BF4B-00C04F79EFBC}") = "Ranger.Core", "Ranger.Core\Ranger.Core.csproj", "{8E7DAEB0-6432-4DB5-8A39-14F7F996483E}"
EndProject
Project("{FAE04EC0-301F-11D3-BF4B-00C04F79EFBC}") = "Ranger.Web", "Ranger.Web\Ranger.Web.csproj", "{0E908AD0-943A-457B-8078-8AAD91ACF8EA}"
EndProject
Project("{FAE04EC0-301F-11D3-BF4B-00C04F79EFBC}") = "Ranger.Console", "Ranger.Console\Ranger.Console.csproj", "{80F7D3F9-A7E9-4FAA-B5F0-8938C3418A57}"
EndProject
Global
	GlobalSection(SolutionConfigurationPlatforms) = preSolution
		Debug|Any CPU = Debug|Any CPU
		Release|Any CPU = Release|Any CPU
	EndGlobalSection
	GlobalSection(ProjectConfigurationPlatforms) = postSolution
		{8E7DAEB0-6432-4DB5-8A39-14F7F996483E}.Debug|Any CPU.ActiveCfg = Debug|Any CPU
		{8E7DAEB0-6432-4DB5-8A39-14F7F996483E}.Debug|Any CPU.Build.0 = Debug|Any CPU
		{8E7DAEB0-6432-4DB5-8A39-14F7F996483E}.Release|Any CPU.ActiveCfg = Release|Any CPU
		{8E7DAEB0-6432-4DB5-8A39-14F7F996483E}.Release|Any CPU.Build.0 = Release|Any CPU
		{0E908AD0-943A-457B-8078-8AAD91ACF8EA}.Debug|Any CPU.ActiveCfg = Debug|Any CPU
		{0E908AD0-943A-457B-8078-8AAD91ACF8EA}.Debug|Any CPU.Build.0 = Debug|Any CPU
		{0E908AD0-943A-457B-8078-8AAD91ACF8EA}.Release|Any CPU.ActiveCfg = Release|Any CPU
		{0E908AD0-943A-457B-8078-8AAD91ACF8EA}.Release|Any CPU.Build.0 = Release|Any CPU
		{80F7D3F9-A7E9-4FAA-B5F0-8938C3418A57}.Debug|Any CPU.ActiveCfg = Debug|Any CPU
		{80F7D3F9-A7E9-4FAA-B5F0-8938C3418A57}.Debug|Any CPU.Build.0 = Debug|Any CPU
		{80F7D3F9-A7E9-4FAA-B5F0-8938C3418A57}.Release|Any CPU.ActiveCfg = Release|Any CPU
		{80F7D3F9-A7E9-4FAA-B5F0-8938C3418A57}.Release|Any CPU.Build.0 = Release|Any CPU
	EndGlobalSection
	GlobalSection(SolutionProperties) = preSolution
		HideSolutionNode = FALSE
	EndGlobalSection
EndGlobal
